
Microsoft Visual Studio Solution File, Format Version 12.00
# Visual Studio 15
VisualStudioVersion = 15.0.28307.136
MinimumVisualStudioVersion = 10.0.40219.1
Project("{9A19103F-16F7-4668-BE54-9A1E7A4F7556}") = "Day3", "Day3\Day3.csproj", "{173762FE-3900-4E74-AE24-CB316AB4792A}"
EndProject
Project("{9A19103F-16F7-4668-BE54-9A1E7A4F7556}") = "Day4", "Day4\Day4.csproj", "{9B0DFBAB-EDD4-4EE1-A136-1FA85BC38F1E}"
EndProject
Project("{9A19103F-16F7-4668-BE54-9A1E7A4F7556}") = "Day5", "Day5\Day5.csproj", "{01AC610F-DC29-479A-9CB2-E82025967D46}"
EndProject
Project("{9A19103F-16F7-4668-BE54-9A1E7A4F7556}") = "Day6", "Day6\Day6.csproj", "{7D215EDD-F670-4FCD-B635-514A0A4F8692}"
EndProject
Project("{9A19103F-16F7-4668-BE54-9A1E7A4F7556}") = "Day7", "Day7\Day7.csproj", "{930B4486-6D55-403F-82C6-3B4A32BC018C}"
EndProject
Project("{9A19103F-16F7-4668-BE54-9A1E7A4F7556}") = "AdventDay1", "AdventDay1\AdventDay1.csproj", "{95DF6655-33E3-4190-8A49-8AB1AB7C2261}"
EndProject
Project("{9A19103F-16F7-4668-BE54-9A1E7A4F7556}") = "Day2", "Day2\Day2.csproj", "{FFFB2362-12FC-48A4-876C-A867BAB7EBF7}"
EndProject
Project("{9A19103F-16F7-4668-BE54-9A1E7A4F7556}") = "Day8", "Day8\Day8.csproj", "{0B794A98-A1B5-4C09-91C3-F6643850A115}"
EndProject
Project("{9A19103F-16F7-4668-BE54-9A1E7A4F7556}") = "Day9", "Day9\Day9.csproj", "{6D0B36B4-AE24-4493-A9E9-4A6B773E6C5C}"
EndProject
Project("{9A19103F-16F7-4668-BE54-9A1E7A4F7556}") = "Day10", "Day10\Day10.csproj", "{59404A74-3A6F-409F-ADC8-87193E04EBC5}"
EndProject
Project("{9A19103F-16F7-4668-BE54-9A1E7A4F7556}") = "Day11", "Day11\Day11.csproj", "{776D5781-1576-4819-9E7E-DF7396D24C36}"
EndProject
Project("{9A19103F-16F7-4668-BE54-9A1E7A4F7556}") = "Day12", "Day12\Day12.csproj", "{56EE61D7-C1C0-4687-A9E4-F25F62EFC793}"
EndProject
Project("{9A19103F-16F7-4668-BE54-9A1E7A4F7556}") = "Day13", "Day13\Day13.csproj", "{A799A6AB-5603-420D-B4CF-0EEB5A13487B}"
EndProject
Project("{9A19103F-16F7-4668-BE54-9A1E7A4F7556}") = "Day14", "Day14\Day14.csproj", "{6867FEDF-7A30-4B97-B053-A92E3996E884}"
EndProject
Project("{9A19103F-16F7-4668-BE54-9A1E7A4F7556}") = "Day17", "Day17\Day17.csproj", "{9AB4CC90-C791-4876-A1C6-2D0D01719633}"
EndProject
Project("{9A19103F-16F7-4668-BE54-9A1E7A4F7556}") = "Day18", "Day18\Day18.csproj", "{5B8C4B2E-C7D2-460F-8091-102D553E5E66}"
EndProject
Project("{9A19103F-16F7-4668-BE54-9A1E7A4F7556}") = "Day20", "Day20\Day20.csproj", "{9A65CCC6-4C39-4276-ACF9-0D37A031661E}"
EndProject
Project("{9A19103F-16F7-4668-BE54-9A1E7A4F7556}") = "Day21", "Day21\Day21.csproj", "{80EAB6CF-B014-43E1-9D6B-D97C890287DE}"
EndProject
Project("{9A19103F-16F7-4668-BE54-9A1E7A4F7556}") = "Day15", "Day15\Day15.csproj", "{10DE5364-8BE9-4AF2-81AF-C7A63B8202FF}"
EndProject
Project("{9A19103F-16F7-4668-BE54-9A1E7A4F7556}") = "Day16", "Day16\Day16.csproj", "{3626148E-7109-472E-8577-6AD65B68ADAD}"
EndProject
Project("{9A19103F-16F7-4668-BE54-9A1E7A4F7556}") = "Day19", "Day19\Day19.csproj", "{5BA7EC36-9963-425F-8DB6-DF8EE75DC44B}"
EndProject
Project("{FAE04EC0-301F-11D3-BF4B-00C04F79EFBC}") = "Day22", "Day22\Day22.csproj", "{5F154FD3-6682-41A4-B149-A9F66DC02E51}"
EndProject
Project("{FAE04EC0-301F-11D3-BF4B-00C04F79EFBC}") = "Day24", "Day24\Day24.csproj", "{E9D7EEB3-E4EB-4A6D-973D-A1AC76C17A71}"
EndProject
Project("{FAE04EC0-301F-11D3-BF4B-00C04F79EFBC}") = "Day25", "Day25\Day25.csproj", "{EE3813FC-F486-4AD3-889A-0DD9D1F6C784}"
EndProject
Global
	GlobalSection(SolutionConfigurationPlatforms) = preSolution
		Debug|Any CPU = Debug|Any CPU
		Release|Any CPU = Release|Any CPU
	EndGlobalSection
	GlobalSection(ProjectConfigurationPlatforms) = postSolution
		{173762FE-3900-4E74-AE24-CB316AB4792A}.Debug|Any CPU.ActiveCfg = Debug|Any CPU
		{173762FE-3900-4E74-AE24-CB316AB4792A}.Debug|Any CPU.Build.0 = Debug|Any CPU
		{173762FE-3900-4E74-AE24-CB316AB4792A}.Release|Any CPU.ActiveCfg = Release|Any CPU
		{173762FE-3900-4E74-AE24-CB316AB4792A}.Release|Any CPU.Build.0 = Release|Any CPU
		{9B0DFBAB-EDD4-4EE1-A136-1FA85BC38F1E}.Debug|Any CPU.ActiveCfg = Debug|Any CPU
		{9B0DFBAB-EDD4-4EE1-A136-1FA85BC38F1E}.Debug|Any CPU.Build.0 = Debug|Any CPU
		{9B0DFBAB-EDD4-4EE1-A136-1FA85BC38F1E}.Release|Any CPU.ActiveCfg = Release|Any CPU
		{9B0DFBAB-EDD4-4EE1-A136-1FA85BC38F1E}.Release|Any CPU.Build.0 = Release|Any CPU
		{01AC610F-DC29-479A-9CB2-E82025967D46}.Debug|Any CPU.ActiveCfg = Debug|Any CPU
		{01AC610F-DC29-479A-9CB2-E82025967D46}.Debug|Any CPU.Build.0 = Debug|Any CPU
		{01AC610F-DC29-479A-9CB2-E82025967D46}.Release|Any CPU.ActiveCfg = Release|Any CPU
		{01AC610F-DC29-479A-9CB2-E82025967D46}.Release|Any CPU.Build.0 = Release|Any CPU
		{7D215EDD-F670-4FCD-B635-514A0A4F8692}.Debug|Any CPU.ActiveCfg = Debug|Any CPU
		{7D215EDD-F670-4FCD-B635-514A0A4F8692}.Debug|Any CPU.Build.0 = Debug|Any CPU
		{7D215EDD-F670-4FCD-B635-514A0A4F8692}.Release|Any CPU.ActiveCfg = Release|Any CPU
		{7D215EDD-F670-4FCD-B635-514A0A4F8692}.Release|Any CPU.Build.0 = Release|Any CPU
		{930B4486-6D55-403F-82C6-3B4A32BC018C}.Debug|Any CPU.ActiveCfg = Debug|Any CPU
		{930B4486-6D55-403F-82C6-3B4A32BC018C}.Debug|Any CPU.Build.0 = Debug|Any CPU
		{930B4486-6D55-403F-82C6-3B4A32BC018C}.Release|Any CPU.ActiveCfg = Release|Any CPU
		{930B4486-6D55-403F-82C6-3B4A32BC018C}.Release|Any CPU.Build.0 = Release|Any CPU
		{95DF6655-33E3-4190-8A49-8AB1AB7C2261}.Debug|Any CPU.ActiveCfg = Debug|Any CPU
		{95DF6655-33E3-4190-8A49-8AB1AB7C2261}.Debug|Any CPU.Build.0 = Debug|Any CPU
		{95DF6655-33E3-4190-8A49-8AB1AB7C2261}.Release|Any CPU.ActiveCfg = Release|Any CPU
		{95DF6655-33E3-4190-8A49-8AB1AB7C2261}.Release|Any CPU.Build.0 = Release|Any CPU
		{FFFB2362-12FC-48A4-876C-A867BAB7EBF7}.Debug|Any CPU.ActiveCfg = Debug|Any CPU
		{FFFB2362-12FC-48A4-876C-A867BAB7EBF7}.Debug|Any CPU.Build.0 = Debug|Any CPU
		{FFFB2362-12FC-48A4-876C-A867BAB7EBF7}.Release|Any CPU.ActiveCfg = Release|Any CPU
		{FFFB2362-12FC-48A4-876C-A867BAB7EBF7}.Release|Any CPU.Build.0 = Release|Any CPU
		{0B794A98-A1B5-4C09-91C3-F6643850A115}.Debug|Any CPU.ActiveCfg = Debug|Any CPU
		{0B794A98-A1B5-4C09-91C3-F6643850A115}.Debug|Any CPU.Build.0 = Debug|Any CPU
		{0B794A98-A1B5-4C09-91C3-F6643850A115}.Release|Any CPU.ActiveCfg = Release|Any CPU
		{0B794A98-A1B5-4C09-91C3-F6643850A115}.Release|Any CPU.Build.0 = Release|Any CPU
		{6D0B36B4-AE24-4493-A9E9-4A6B773E6C5C}.Debug|Any CPU.ActiveCfg = Debug|Any CPU
		{6D0B36B4-AE24-4493-A9E9-4A6B773E6C5C}.Debug|Any CPU.Build.0 = Debug|Any CPU
		{6D0B36B4-AE24-4493-A9E9-4A6B773E6C5C}.Release|Any CPU.ActiveCfg = Release|Any CPU
		{6D0B36B4-AE24-4493-A9E9-4A6B773E6C5C}.Release|Any CPU.Build.0 = Release|Any CPU
		{59404A74-3A6F-409F-ADC8-87193E04EBC5}.Debug|Any CPU.ActiveCfg = Debug|Any CPU
		{59404A74-3A6F-409F-ADC8-87193E04EBC5}.Debug|Any CPU.Build.0 = Debug|Any CPU
		{59404A74-3A6F-409F-ADC8-87193E04EBC5}.Release|Any CPU.ActiveCfg = Release|Any CPU
		{59404A74-3A6F-409F-ADC8-87193E04EBC5}.Release|Any CPU.Build.0 = Release|Any CPU
		{776D5781-1576-4819-9E7E-DF7396D24C36}.Debug|Any CPU.ActiveCfg = Debug|Any CPU
		{776D5781-1576-4819-9E7E-DF7396D24C36}.Debug|Any CPU.Build.0 = Debug|Any CPU
		{776D5781-1576-4819-9E7E-DF7396D24C36}.Release|Any CPU.ActiveCfg = Release|Any CPU
		{776D5781-1576-4819-9E7E-DF7396D24C36}.Release|Any CPU.Build.0 = Release|Any CPU
		{56EE61D7-C1C0-4687-A9E4-F25F62EFC793}.Debug|Any CPU.ActiveCfg = Debug|Any CPU
		{56EE61D7-C1C0-4687-A9E4-F25F62EFC793}.Debug|Any CPU.Build.0 = Debug|Any CPU
		{56EE61D7-C1C0-4687-A9E4-F25F62EFC793}.Release|Any CPU.ActiveCfg = Release|Any CPU
		{56EE61D7-C1C0-4687-A9E4-F25F62EFC793}.Release|Any CPU.Build.0 = Release|Any CPU
		{A799A6AB-5603-420D-B4CF-0EEB5A13487B}.Debug|Any CPU.ActiveCfg = Debug|Any CPU
		{A799A6AB-5603-420D-B4CF-0EEB5A13487B}.Debug|Any CPU.Build.0 = Debug|Any CPU
		{A799A6AB-5603-420D-B4CF-0EEB5A13487B}.Release|Any CPU.ActiveCfg = Release|Any CPU
		{A799A6AB-5603-420D-B4CF-0EEB5A13487B}.Release|Any CPU.Build.0 = Release|Any CPU
		{6867FEDF-7A30-4B97-B053-A92E3996E884}.Debug|Any CPU.ActiveCfg = Debug|Any CPU
		{6867FEDF-7A30-4B97-B053-A92E3996E884}.Debug|Any CPU.Build.0 = Debug|Any CPU
		{6867FEDF-7A30-4B97-B053-A92E3996E884}.Release|Any CPU.ActiveCfg = Release|Any CPU
		{6867FEDF-7A30-4B97-B053-A92E3996E884}.Release|Any CPU.Build.0 = Release|Any CPU
		{9AB4CC90-C791-4876-A1C6-2D0D01719633}.Debug|Any CPU.ActiveCfg = Debug|Any CPU
		{9AB4CC90-C791-4876-A1C6-2D0D01719633}.Debug|Any CPU.Build.0 = Debug|Any CPU
		{9AB4CC90-C791-4876-A1C6-2D0D01719633}.Release|Any CPU.ActiveCfg = Release|Any CPU
		{9AB4CC90-C791-4876-A1C6-2D0D01719633}.Release|Any CPU.Build.0 = Release|Any CPU
		{5B8C4B2E-C7D2-460F-8091-102D553E5E66}.Debug|Any CPU.ActiveCfg = Debug|Any CPU
		{5B8C4B2E-C7D2-460F-8091-102D553E5E66}.Debug|Any CPU.Build.0 = Debug|Any CPU
		{5B8C4B2E-C7D2-460F-8091-102D553E5E66}.Release|Any CPU.ActiveCfg = Release|Any CPU
		{5B8C4B2E-C7D2-460F-8091-102D553E5E66}.Release|Any CPU.Build.0 = Release|Any CPU
		{9A65CCC6-4C39-4276-ACF9-0D37A031661E}.Debug|Any CPU.ActiveCfg = Debug|Any CPU
		{9A65CCC6-4C39-4276-ACF9-0D37A031661E}.Debug|Any CPU.Build.0 = Debug|Any CPU
		{9A65CCC6-4C39-4276-ACF9-0D37A031661E}.Release|Any CPU.ActiveCfg = Release|Any CPU
		{9A65CCC6-4C39-4276-ACF9-0D37A031661E}.Release|Any CPU.Build.0 = Release|Any CPU
		{80EAB6CF-B014-43E1-9D6B-D97C890287DE}.Debug|Any CPU.ActiveCfg = Debug|Any CPU
		{80EAB6CF-B014-43E1-9D6B-D97C890287DE}.Debug|Any CPU.Build.0 = Debug|Any CPU
		{80EAB6CF-B014-43E1-9D6B-D97C890287DE}.Release|Any CPU.ActiveCfg = Release|Any CPU
		{80EAB6CF-B014-43E1-9D6B-D97C890287DE}.Release|Any CPU.Build.0 = Release|Any CPU
		{10DE5364-8BE9-4AF2-81AF-C7A63B8202FF}.Debug|Any CPU.ActiveCfg = Debug|Any CPU
		{10DE5364-8BE9-4AF2-81AF-C7A63B8202FF}.Debug|Any CPU.Build.0 = Debug|Any CPU
		{10DE5364-8BE9-4AF2-81AF-C7A63B8202FF}.Release|Any CPU.ActiveCfg = Release|Any CPU
		{10DE5364-8BE9-4AF2-81AF-C7A63B8202FF}.Release|Any CPU.Build.0 = Release|Any CPU
		{3626148E-7109-472E-8577-6AD65B68ADAD}.Debug|Any CPU.ActiveCfg = Debug|Any CPU
		{3626148E-7109-472E-8577-6AD65B68ADAD}.Debug|Any CPU.Build.0 = Debug|Any CPU
		{3626148E-7109-472E-8577-6AD65B68ADAD}.Release|Any CPU.ActiveCfg = Release|Any CPU
		{3626148E-7109-472E-8577-6AD65B68ADAD}.Release|Any CPU.Build.0 = Release|Any CPU
		{5BA7EC36-9963-425F-8DB6-DF8EE75DC44B}.Debug|Any CPU.ActiveCfg = Debug|Any CPU
		{5BA7EC36-9963-425F-8DB6-DF8EE75DC44B}.Debug|Any CPU.Build.0 = Debug|Any CPU
		{5BA7EC36-9963-425F-8DB6-DF8EE75DC44B}.Release|Any CPU.ActiveCfg = Release|Any CPU
		{5BA7EC36-9963-425F-8DB6-DF8EE75DC44B}.Release|Any CPU.Build.0 = Release|Any CPU
		{5F154FD3-6682-41A4-B149-A9F66DC02E51}.Debug|Any CPU.ActiveCfg = Debug|Any CPU
		{5F154FD3-6682-41A4-B149-A9F66DC02E51}.Debug|Any CPU.Build.0 = Debug|Any CPU
		{5F154FD3-6682-41A4-B149-A9F66DC02E51}.Release|Any CPU.ActiveCfg = Release|Any CPU
		{5F154FD3-6682-41A4-B149-A9F66DC02E51}.Release|Any CPU.Build.0 = Release|Any CPU
		{E9D7EEB3-E4EB-4A6D-973D-A1AC76C17A71}.Debug|Any CPU.ActiveCfg = Debug|Any CPU
		{E9D7EEB3-E4EB-4A6D-973D-A1AC76C17A71}.Debug|Any CPU.Build.0 = Debug|Any CPU
		{E9D7EEB3-E4EB-4A6D-973D-A1AC76C17A71}.Release|Any CPU.ActiveCfg = Release|Any CPU
		{E9D7EEB3-E4EB-4A6D-973D-A1AC76C17A71}.Release|Any CPU.Build.0 = Release|Any CPU
		{EE3813FC-F486-4AD3-889A-0DD9D1F6C784}.Debug|Any CPU.ActiveCfg = Debug|Any CPU
		{EE3813FC-F486-4AD3-889A-0DD9D1F6C784}.Debug|Any CPU.Build.0 = Debug|Any CPU
		{EE3813FC-F486-4AD3-889A-0DD9D1F6C784}.Release|Any CPU.ActiveCfg = Release|Any CPU
		{EE3813FC-F486-4AD3-889A-0DD9D1F6C784}.Release|Any CPU.Build.0 = Release|Any CPU
	EndGlobalSection
	GlobalSection(SolutionProperties) = preSolution
		HideSolutionNode = FALSE
	EndGlobalSection
	GlobalSection(ExtensibilityGlobals) = postSolution
		SolutionGuid = {33EAB877-E339-4CFE-BCBF-EF9866CEB1F7}
	EndGlobalSection
EndGlobal
